
Microsoft Visual Studio Solution File, Format Version 12.00
# Visual Studio 15
VisualStudioVersion = 15.0.28307.779
MinimumVisualStudioVersion = 10.0.40219.1
Project("{FAE04EC0-301F-11D3-BF4B-00C04F79EFBC}") = "exam-70483", "exam-70483\exam-70483.csproj", "{36C69C57-E963-444B-8439-D2A29497EF73}"
EndProject
Global
	GlobalSection(SolutionConfigurationPlatforms) = preSolution
		Debug|Any CPU = Debug|Any CPU
		Release|Any CPU = Release|Any CPU
	EndGlobalSection
	GlobalSection(ProjectConfigurationPlatforms) = postSolution
		{36C69C57-E963-444B-8439-D2A29497EF73}.Debug|Any CPU.ActiveCfg = Debug|Any CPU
		{36C69C57-E963-444B-8439-D2A29497EF73}.Debug|Any CPU.Build.0 = Debug|Any CPU
		{36C69C57-E963-444B-8439-D2A29497EF73}.Release|Any CPU.ActiveCfg = Release|Any CPU
		{36C69C57-E963-444B-8439-D2A29497EF73}.Release|Any CPU.Build.0 = Release|Any CPU
	EndGlobalSection
	GlobalSection(SolutionProperties) = preSolution
		HideSolutionNode = FALSE
	EndGlobalSection
	GlobalSection(ExtensibilityGlobals) = postSolution
		SolutionGuid = {D7BE4F71-5C84-4868-AA76-710EB3DBA920}
	EndGlobalSection
EndGlobal
